
Microsoft Visual Studio Solution File, Format Version 12.00
# Visual Studio Version 16
VisualStudioVersion = 16.0.31829.152
MinimumVisualStudioVersion = 10.0.40219.1
Project("{FAE04EC0-301F-11D3-BF4B-00C04F79EFBC}") = "WPF8", "WPF8.csproj", "{C9CB9F03-38F6-4366-B690-0F0CEE433328}"
EndProject
Global
	GlobalSection(SolutionConfigurationPlatforms) = preSolution
		Debug|Any CPU = Debug|Any CPU
		Release|Any CPU = Release|Any CPU
	EndGlobalSection
	GlobalSection(ProjectConfigurationPlatforms) = postSolution
		{C9CB9F03-38F6-4366-B690-0F0CEE433328}.Debug|Any CPU.ActiveCfg = Debug|Any CPU
		{C9CB9F03-38F6-4366-B690-0F0CEE433328}.Debug|Any CPU.Build.0 = Debug|Any CPU
		{C9CB9F03-38F6-4366-B690-0F0CEE433328}.Release|Any CPU.ActiveCfg = Release|Any CPU
		{C9CB9F03-38F6-4366-B690-0F0CEE433328}.Release|Any CPU.Build.0 = Release|Any CPU
	EndGlobalSection
	GlobalSection(SolutionProperties) = preSolution
		HideSolutionNode = FALSE
	EndGlobalSection
	GlobalSection(ExtensibilityGlobals) = postSolution
		SolutionGuid = {A5C4EACF-58BB-4AD0-9D25-BEB5879DF303}
	EndGlobalSection
EndGlobal
